// !$*UTF8*$!
{
	archiveVersion = 1;
	classes = {
	};
	objectVersion = 50;
	objects = {

/* Begin PBXBuildFile section */
		5C5024D620AE70F20010C4CA /* RNRootViewController.m in Sources */ = {isa = PBXBuildFile; fileRef = 5C5024D520AE70F20010C4CA /* RNRootViewController.m */; };
		5C92960520ADB6B100F783F5 /* AppDelegate.m in Sources */ = {isa = PBXBuildFile; fileRef = 5C92960420ADB6B100F783F5 /* AppDelegate.m */; };
		5C92960820ADB6B100F783F5 /* ViewController.m in Sources */ = {isa = PBXBuildFile; fileRef = 5C92960720ADB6B100F783F5 /* ViewController.m */; };
		5C92960B20ADB6B100F783F5 /* Main.storyboard in Resources */ = {isa = PBXBuildFile; fileRef = 5C92960920ADB6B100F783F5 /* Main.storyboard */; };
		5C92960D20ADB6B200F783F5 /* Assets.xcassets in Resources */ = {isa = PBXBuildFile; fileRef = 5C92960C20ADB6B200F783F5 /* Assets.xcassets */; };
		5C92961020ADB6B200F783F5 /* LaunchScreen.storyboard in Resources */ = {isa = PBXBuildFile; fileRef = 5C92960E20ADB6B200F783F5 /* LaunchScreen.storyboard */; };
		5C92961320ADB6B300F783F5 /* main.m in Sources */ = {isa = PBXBuildFile; fileRef = 5C92961220ADB6B300F783F5 /* main.m */; };
		5C92961D20ADB6B300F783F5 /* AddRNInOCTests.m in Sources */ = {isa = PBXBuildFile; fileRef = 5C92961C20ADB6B300F783F5 /* AddRNInOCTests.m */; };
		5C92962820ADB6B300F783F5 /* AddRNInOCUITests.m in Sources */ = {isa = PBXBuildFile; fileRef = 5C92962720ADB6B300F783F5 /* AddRNInOCUITests.m */; };
		B5027C03D18A0B3D2EBB232A /* libPods-AddRNInOC.a in Frameworks */ = {isa = PBXBuildFile; fileRef = D6F69DED0154EADF2A76F204 /* libPods-AddRNInOC.a */; };
/* End PBXBuildFile section */

/* Begin PBXContainerItemProxy section */
		5C92961920ADB6B300F783F5 /* PBXContainerItemProxy */ = {
			isa = PBXContainerItemProxy;
			containerPortal = 5C9295F820ADB6B100F783F5 /* Project object */;
			proxyType = 1;
			remoteGlobalIDString = 5C9295FF20ADB6B100F783F5;
			remoteInfo = AddRNInOC;
		};
		5C92962420ADB6B300F783F5 /* PBXContainerItemProxy */ = {
			isa = PBXContainerItemProxy;
			containerPortal = 5C9295F820ADB6B100F783F5 /* Project object */;
			proxyType = 1;
			remoteGlobalIDString = 5C9295FF20ADB6B100F783F5;
			remoteInfo = AddRNInOC;
		};
/* End PBXContainerItemProxy section */

/* Begin PBXFileReference section */
		2058546BEAB7FC624C0958BD /* Pods-AddRNInOC.release.xcconfig */ = {isa = PBXFileReference; includeInIndex = 1; lastKnownFileType = text.xcconfig; name = "Pods-AddRNInOC.release.xcconfig"; path = "Pods/Target Support Files/Pods-AddRNInOC/Pods-AddRNInOC.release.xcconfig"; sourceTree = "<group>"; };
		5C5024D420AE70F20010C4CA /* RNRootViewController.h */ = {isa = PBXFileReference; lastKnownFileType = sourcecode.c.h; path = RNRootViewController.h; sourceTree = "<group>"; };
		5C5024D520AE70F20010C4CA /* RNRootViewController.m */ = {isa = PBXFileReference; lastKnownFileType = sourcecode.c.objc; path = RNRootViewController.m; sourceTree = "<group>"; };
		5C92960020ADB6B100F783F5 /* AddRNInOC.app */ = {isa = PBXFileReference; explicitFileType = wrapper.application; includeInIndex = 0; path = AddRNInOC.app; sourceTree = BUILT_PRODUCTS_DIR; };
		5C92960320ADB6B100F783F5 /* AppDelegate.h */ = {isa = PBXFileReference; lastKnownFileType = sourcecode.c.h; path = AppDelegate.h; sourceTree = "<group>"; };
		5C92960420ADB6B100F783F5 /* AppDelegate.m */ = {isa = PBXFileReference; lastKnownFileType = sourcecode.c.objc; path = AppDelegate.m; sourceTree = "<group>"; };
		5C92960620ADB6B100F783F5 /* ViewController.h */ = {isa = PBXFileReference; lastKnownFileType = sourcecode.c.h; path = ViewController.h; sourceTree = "<group>"; };
		5C92960720ADB6B100F783F5 /* ViewController.m */ = {isa = PBXFileReference; lastKnownFileType = sourcecode.c.objc; path = ViewController.m; sourceTree = "<group>"; };
		5C92960A20ADB6B100F783F5 /* Base */ = {isa = PBXFileReference; lastKnownFileType = file.storyboard; name = Base; path = Base.lproj/Main.storyboard; sourceTree = "<group>"; };
		5C92960C20ADB6B200F783F5 /* Assets.xcassets */ = {isa = PBXFileReference; lastKnownFileType = folder.assetcatalog; path = Assets.xcassets; sourceTree = "<group>"; };
		5C92960F20ADB6B200F783F5 /* Base */ = {isa = PBXFileReference; lastKnownFileType = file.storyboard; name = Base; path = Base.lproj/LaunchScreen.storyboard; sourceTree = "<group>"; };
		5C92961120ADB6B300F783F5 /* Info.plist */ = {isa = PBXFileReference; lastKnownFileType = text.plist.xml; path = Info.plist; sourceTree = "<group>"; };
		5C92961220ADB6B300F783F5 /* main.m */ = {isa = PBXFileReference; lastKnownFileType = sourcecode.c.objc; path = main.m; sourceTree = "<group>"; };
		5C92961820ADB6B300F783F5 /* AddRNInOCTests.xctest */ = {isa = PBXFileReference; explicitFileType = wrapper.cfbundle; includeInIndex = 0; path = AddRNInOCTests.xctest; sourceTree = BUILT_PRODUCTS_DIR; };
		5C92961C20ADB6B300F783F5 /* AddRNInOCTests.m */ = {isa = PBXFileReference; lastKnownFileType = sourcecode.c.objc; path = AddRNInOCTests.m; sourceTree = "<group>"; };
		5C92961E20ADB6B300F783F5 /* Info.plist */ = {isa = PBXFileReference; lastKnownFileType = text.plist.xml; path = Info.plist; sourceTree = "<group>"; };
		5C92962320ADB6B300F783F5 /* AddRNInOCUITests.xctest */ = {isa = PBXFileReference; explicitFileType = wrapper.cfbundle; includeInIndex = 0; path = AddRNInOCUITests.xctest; sourceTree = BUILT_PRODUCTS_DIR; };
		5C92962720ADB6B300F783F5 /* AddRNInOCUITests.m */ = {isa = PBXFileReference; lastKnownFileType = sourcecode.c.objc; path = AddRNInOCUITests.m; sourceTree = "<group>"; };
		5C92962920ADB6B300F783F5 /* Info.plist */ = {isa = PBXFileReference; lastKnownFileType = text.plist.xml; path = Info.plist; sourceTree = "<group>"; };
		A1FC22E0F53018C860C84DA8 /* Pods-AddRNInOC.debug.xcconfig */ = {isa = PBXFileReference; includeInIndex = 1; lastKnownFileType = text.xcconfig; name = "Pods-AddRNInOC.debug.xcconfig"; path = "Pods/Target Support Files/Pods-AddRNInOC/Pods-AddRNInOC.debug.xcconfig"; sourceTree = "<group>"; };
		C02EB11535FDEBBCDACFDDF0 /* libPods-AddRNInOCTests.a */ = {isa = PBXFileReference; explicitFileType = archive.ar; includeInIndex = 0; path = "libPods-AddRNInOCTests.a"; sourceTree = BUILT_PRODUCTS_DIR; };
		D6F69DED0154EADF2A76F204 /* libPods-AddRNInOC.a */ = {isa = PBXFileReference; explicitFileType = archive.ar; includeInIndex = 0; path = "libPods-AddRNInOC.a"; sourceTree = BUILT_PRODUCTS_DIR; };
		DFA405F866628D31E721B515 /* libPods-AddRNInOCUITests.a */ = {isa = PBXFileReference; explicitFileType = archive.ar; includeInIndex = 0; path = "libPods-AddRNInOCUITests.a"; sourceTree = BUILT_PRODUCTS_DIR; };
/* End PBXFileReference section */

/* Begin PBXFrameworksBuildPhase section */
		5C9295FD20ADB6B100F783F5 /* Frameworks */ = {
			isa = PBXFrameworksBuildPhase;
			buildActionMask = 2147483647;
			files = (
				B5027C03D18A0B3D2EBB232A /* libPods-AddRNInOC.a in Frameworks */,
			);
			runOnlyForDeploymentPostprocessing = 0;
		};
		5C92961520ADB6B300F783F5 /* Frameworks */ = {
			isa = PBXFrameworksBuildPhase;
			buildActionMask = 2147483647;
			files = (
			);
			runOnlyForDeploymentPostprocessing = 0;
		};
		5C92962020ADB6B300F783F5 /* Frameworks */ = {
			isa = PBXFrameworksBuildPhase;
			buildActionMask = 2147483647;
			files = (
			);
			runOnlyForDeploymentPostprocessing = 0;
		};
/* End PBXFrameworksBuildPhase section */

/* Begin PBXGroup section */
		5C9295F720ADB6B100F783F5 = {
			isa = PBXGroup;
			children = (
				5C92960220ADB6B100F783F5 /* AddRNInOC */,
				5C92961B20ADB6B300F783F5 /* AddRNInOCTests */,
				5C92962620ADB6B300F783F5 /* AddRNInOCUITests */,
				5C92960120ADB6B100F783F5 /* Products */,
				87DA65F32CFF5BA1958D7B8D /* Pods */,
				6EA6E6AFE4FB35CEF34C5CA2 /* Frameworks */,
			);
			sourceTree = "<group>";
		};
		5C92960120ADB6B100F783F5 /* Products */ = {
			isa = PBXGroup;
			children = (
				5C92960020ADB6B100F783F5 /* AddRNInOC.app */,
				5C92961820ADB6B300F783F5 /* AddRNInOCTests.xctest */,
				5C92962320ADB6B300F783F5 /* AddRNInOCUITests.xctest */,
			);
			name = Products;
			sourceTree = "<group>";
		};
		5C92960220ADB6B100F783F5 /* AddRNInOC */ = {
			isa = PBXGroup;
			children = (
				5C92960320ADB6B100F783F5 /* AppDelegate.h */,
				5C92960420ADB6B100F783F5 /* AppDelegate.m */,
				5C92960620ADB6B100F783F5 /* ViewController.h */,
				5C92960720ADB6B100F783F5 /* ViewController.m */,
				5C5024D420AE70F20010C4CA /* RNRootViewController.h */,
				5C5024D520AE70F20010C4CA /* RNRootViewController.m */,
				5C92960920ADB6B100F783F5 /* Main.storyboard */,
				5C92960C20ADB6B200F783F5 /* Assets.xcassets */,
				5C92960E20ADB6B200F783F5 /* LaunchScreen.storyboard */,
				5C92961120ADB6B300F783F5 /* Info.plist */,
				5C92961220ADB6B300F783F5 /* main.m */,
			);
			path = AddRNInOC;
			sourceTree = "<group>";
		};
		5C92961B20ADB6B300F783F5 /* AddRNInOCTests */ = {
			isa = PBXGroup;
			children = (
				5C92961C20ADB6B300F783F5 /* AddRNInOCTests.m */,
				5C92961E20ADB6B300F783F5 /* Info.plist */,
			);
			path = AddRNInOCTests;
			sourceTree = "<group>";
		};
		5C92962620ADB6B300F783F5 /* AddRNInOCUITests */ = {
			isa = PBXGroup;
			children = (
				5C92962720ADB6B300F783F5 /* AddRNInOCUITests.m */,
				5C92962920ADB6B300F783F5 /* Info.plist */,
			);
			path = AddRNInOCUITests;
			sourceTree = "<group>";
		};
		6EA6E6AFE4FB35CEF34C5CA2 /* Frameworks */ = {
			isa = PBXGroup;
			children = (
				D6F69DED0154EADF2A76F204 /* libPods-AddRNInOC.a */,
				C02EB11535FDEBBCDACFDDF0 /* libPods-AddRNInOCTests.a */,
				DFA405F866628D31E721B515 /* libPods-AddRNInOCUITests.a */,
			);
			name = Frameworks;
			sourceTree = "<group>";
		};
		87DA65F32CFF5BA1958D7B8D /* Pods */ = {
			isa = PBXGroup;
			children = (
				A1FC22E0F53018C860C84DA8 /* Pods-AddRNInOC.debug.xcconfig */,
				2058546BEAB7FC624C0958BD /* Pods-AddRNInOC.release.xcconfig */,
			);
			name = Pods;
			sourceTree = "<group>";
		};
/* End PBXGroup section */

/* Begin PBXNativeTarget section */
		5C9295FF20ADB6B100F783F5 /* AddRNInOC */ = {
			isa = PBXNativeTarget;
			buildConfigurationList = 5C92962C20ADB6B300F783F5 /* Build configuration list for PBXNativeTarget "AddRNInOC" */;
			buildPhases = (
				305BD05A45E8951FB54D609B /* [CP] Check Pods Manifest.lock */,
				5C9295FC20ADB6B100F783F5 /* Sources */,
				5C9295FD20ADB6B100F783F5 /* Frameworks */,
				5C9295FE20ADB6B100F783F5 /* Resources */,
			);
			buildRules = (
			);
			dependencies = (
			);
			name = AddRNInOC;
			productName = AddRNInOC;
			productReference = 5C92960020ADB6B100F783F5 /* AddRNInOC.app */;
			productType = "com.apple.product-type.application";
		};
		5C92961720ADB6B300F783F5 /* AddRNInOCTests */ = {
			isa = PBXNativeTarget;
			buildConfigurationList = 5C92962F20ADB6B300F783F5 /* Build configuration list for PBXNativeTarget "AddRNInOCTests" */;
			buildPhases = (
				5C92961420ADB6B300F783F5 /* Sources */,
				5C92961520ADB6B300F783F5 /* Frameworks */,
				5C92961620ADB6B300F783F5 /* Resources */,
			);
			buildRules = (
			);
			dependencies = (
				5C92961A20ADB6B300F783F5 /* PBXTargetDependency */,
			);
			name = AddRNInOCTests;
			productName = AddRNInOCTests;
			productReference = 5C92961820ADB6B300F783F5 /* AddRNInOCTests.xctest */;
			productType = "com.apple.product-type.bundle.unit-test";
		};
		5C92962220ADB6B300F783F5 /* AddRNInOCUITests */ = {
			isa = PBXNativeTarget;
			buildConfigurationList = 5C92963220ADB6B300F783F5 /* Build configuration list for PBXNativeTarget "AddRNInOCUITests" */;
			buildPhases = (
				5C92961F20ADB6B300F783F5 /* Sources */,
				5C92962020ADB6B300F783F5 /* Frameworks */,
				5C92962120ADB6B300F783F5 /* Resources */,
			);
			buildRules = (
			);
			dependencies = (
				5C92962520ADB6B300F783F5 /* PBXTargetDependency */,
			);
			name = AddRNInOCUITests;
			productName = AddRNInOCUITests;
			productReference = 5C92962320ADB6B300F783F5 /* AddRNInOCUITests.xctest */;
			productType = "com.apple.product-type.bundle.ui-testing";
		};
/* End PBXNativeTarget section */

/* Begin PBXProject section */
		5C9295F820ADB6B100F783F5 /* Project object */ = {
			isa = PBXProject;
			attributes = {
				LastUpgradeCheck = 0930;
				ORGANIZATIONNAME = rocky;
				TargetAttributes = {
					5C9295FF20ADB6B100F783F5 = {
						CreatedOnToolsVersion = 9.3;
					};
					5C92961720ADB6B300F783F5 = {
						CreatedOnToolsVersion = 9.3;
						TestTargetID = 5C9295FF20ADB6B100F783F5;
					};
					5C92962220ADB6B300F783F5 = {
						CreatedOnToolsVersion = 9.3;
						TestTargetID = 5C9295FF20ADB6B100F783F5;
					};
				};
			};
			buildConfigurationList = 5C9295FB20ADB6B100F783F5 /* Build configuration list for PBXProject "AddRNInOC" */;
			compatibilityVersion = "Xcode 9.3";
			developmentRegion = en;
			hasScannedForEncodings = 0;
			knownRegions = (
				en,
				Base,
			);
			mainGroup = 5C9295F720ADB6B100F783F5;
			productRefGroup = 5C92960120ADB6B100F783F5 /* Products */;
			projectDirPath = "";
			projectRoot = "";
			targets = (
				5C9295FF20ADB6B100F783F5 /* AddRNInOC */,
				5C92961720ADB6B300F783F5 /* AddRNInOCTests */,
				5C92962220ADB6B300F783F5 /* AddRNInOCUITests */,
			);
		};
/* End PBXProject section */

/* Begin PBXResourcesBuildPhase section */
		5C9295FE20ADB6B100F783F5 /* Resources */ = {
			isa = PBXResourcesBuildPhase;
			buildActionMask = 2147483647;
			files = (
				5C92961020ADB6B200F783F5 /* LaunchScreen.storyboard in Resources */,
				5C92960D20ADB6B200F783F5 /* Assets.xcassets in Resources */,
				5C92960B20ADB6B100F783F5 /* Main.storyboard in Resources */,
			);
			runOnlyForDeploymentPostprocessing = 0;
		};
		5C92961620ADB6B300F783F5 /* Resources */ = {
			isa = PBXResourcesBuildPhase;
			buildActionMask = 2147483647;
			files = (
			);
			runOnlyForDeploymentPostprocessing = 0;
		};
		5C92962120ADB6B300F783F5 /* Resources */ = {
			isa = PBXResourcesBuildPhase;
			buildActionMask = 2147483647;
			files = (
			);
			runOnlyForDeploymentPostprocessing = 0;
		};
/* End PBXResourcesBuildPhase section */

/* Begin PBXShellScriptBuildPhase section */
		305BD05A45E8951FB54D609B /* [CP] Check Pods Manifest.lock */ = {
			isa = PBXShellScriptBuildPhase;
			buildActionMask = 2147483647;
			files = (
			);
			inputPaths = (
				"${PODS_PODFILE_DIR_PATH}/Podfile.lock",
				"${PODS_ROOT}/Manifest.lock",
			);
			name = "[CP] Check Pods Manifest.lock";
			outputPaths = (
				"$(DERIVED_FILE_DIR)/Pods-AddRNInOC-checkManifestLockResult.txt",
			);
			runOnlyForDeploymentPostprocessing = 0;
			shellPath = /bin/sh;
			shellScript = "diff \"${PODS_PODFILE_DIR_PATH}/Podfile.lock\" \"${PODS_ROOT}/Manifest.lock\" > /dev/null\nif [ $? != 0 ] ; then\n    # print error to STDERR\n    echo \"error: The sandbox is not in sync with the Podfile.lock. Run 'pod install' or update your CocoaPods installation.\" >&2\n    exit 1\nfi\n# This output is used by Xcode 'outputs' to avoid re-running this script phase.\necho \"SUCCESS\" > \"${SCRIPT_OUTPUT_FILE_0}\"\n";
			showEnvVarsInLog = 0;
		};
/* End PBXShellScriptBuildPhase section */

/* Begin PBXSourcesBuildPhase section */
		5C9295FC20ADB6B100F783F5 /* Sources */ = {
			isa = PBXSourcesBuildPhase;
			buildActionMask = 2147483647;
			files = (
				5C5024D620AE70F20010C4CA /* RNRootViewController.m in Sources */,
				5C92960820ADB6B100F783F5 /* ViewController.m in Sources */,
				5C92961320ADB6B300F783F5 /* main.m in Sources */,
				5C92960520ADB6B100F783F5 /* AppDelegate.m in Sources */,
			);
			runOnlyForDeploymentPostprocessing = 0;
		};
		5C92961420ADB6B300F783F5 /* Sources */ = {
			isa = PBXSourcesBuildPhase;
			buildActionMask = 2147483647;
			files = (
				5C92961D20ADB6B300F783F5 /* AddRNInOCTests.m in Sources */,
			);
			runOnlyForDeploymentPostprocessing = 0;
		};
		5C92961F20ADB6B300F783F5 /* Sources */ = {
			isa = PBXSourcesBuildPhase;
			buildActionMask = 2147483647;
			files = (
				5C92962820ADB6B300F783F5 /* AddRNInOCUITests.m in Sources */,
			);
			runOnlyForDeploymentPostprocessing = 0;
		};
/* End PBXSourcesBuildPhase section */

/* Begin PBXTargetDependency section */
		5C92961A20ADB6B300F783F5 /* PBXTargetDependency */ = {
			isa = PBXTargetDependency;
			target = 5C9295FF20ADB6B100F783F5 /* AddRNInOC */;
			targetProxy = 5C92961920ADB6B300F783F5 /* PBXContainerItemProxy */;
		};
		5C92962520ADB6B300F783F5 /* PBXTargetDependency */ = {
			isa = PBXTargetDependency;
			target = 5C9295FF20ADB6B100F783F5 /* AddRNInOC */;
			targetProxy = 5C92962420ADB6B300F783F5 /* PBXContainerItemProxy */;
		};
/* End PBXTargetDependency section */

/* Begin PBXVariantGroup section */
		5C92960920ADB6B100F783F5 /* Main.storyboard */ = {
			isa = PBXVariantGroup;
			children = (
				5C92960A20ADB6B100F783F5 /* Base */,
			);
			name = Main.storyboard;
			sourceTree = "<group>";
		};
		5C92960E20ADB6B200F783F5 /* LaunchScreen.storyboard */ = {
			isa = PBXVariantGroup;
			children = (
				5C92960F20ADB6B200F783F5 /* Base */,
			);
			name = LaunchScreen.storyboard;
			sourceTree = "<group>";
		};
/* End PBXVariantGroup section */

/* Begin XCBuildConfiguration section */
		5C92962A20ADB6B300F783F5 /* Debug */ = {
			isa = XCBuildConfiguration;
			buildSettings = {
				ALWAYS_SEARCH_USER_PATHS = NO;
				CLANG_ANALYZER_NONNULL = YES;
				CLANG_ANALYZER_NUMBER_OBJECT_CONVERSION = YES_AGGRESSIVE;
				CLANG_CXX_LANGUAGE_STANDARD = "gnu++14";
				CLANG_CXX_LIBRARY = "libc++";
				CLANG_ENABLE_MODULES = YES;
				CLANG_ENABLE_OBJC_ARC = YES;
				CLANG_ENABLE_OBJC_WEAK = YES;
				CLANG_WARN_BLOCK_CAPTURE_AUTORELEASING = YES;
				CLANG_WARN_BOOL_CONVERSION = YES;
				CLANG_WARN_COMMA = YES;
				CLANG_WARN_CONSTANT_CONVERSION = YES;
				CLANG_WARN_DEPRECATED_OBJC_IMPLEMENTATIONS = YES;
				CLANG_WARN_DIRECT_OBJC_ISA_USAGE = YES_ERROR;
				CLANG_WARN_DOCUMENTATION_COMMENTS = YES;
				CLANG_WARN_EMPTY_BODY = YES;
				CLANG_WARN_ENUM_CONVERSION = YES;
				CLANG_WARN_INFINITE_RECURSION = YES;
				CLANG_WARN_INT_CONVERSION = YES;
				CLANG_WARN_NON_LITERAL_NULL_CONVERSION = YES;
				CLANG_WARN_OBJC_IMPLICIT_RETAIN_SELF = YES;
				CLANG_WARN_OBJC_LITERAL_CONVERSION = YES;
				CLANG_WARN_OBJC_ROOT_CLASS = YES_ERROR;
				CLANG_WARN_RANGE_LOOP_ANALYSIS = YES;
				CLANG_WARN_STRICT_PROTOTYPES = YES;
				CLANG_WARN_SUSPICIOUS_MOVE = YES;
				CLANG_WARN_UNGUARDED_AVAILABILITY = YES_AGGRESSIVE;
				CLANG_WARN_UNREACHABLE_CODE = YES;
				CLANG_WARN__DUPLICATE_METHOD_MATCH = YES;
				CODE_SIGN_IDENTITY = "iPhone Developer";
				COPY_PHASE_STRIP = NO;
				DEBUG_INFORMATION_FORMAT = dwarf;
				ENABLE_STRICT_OBJC_MSGSEND = YES;
				ENABLE_TESTABILITY = YES;
				GCC_C_LANGUAGE_STANDARD = gnu11;
				GCC_DYNAMIC_NO_PIC = NO;
				GCC_NO_COMMON_BLOCKS = YES;
				GCC_OPTIMIZATION_LEVEL = 0;
				GCC_PREPROCESSOR_DEFINITIONS = (
					"DEBUG=1",
					"$(inherited)",
				);
				GCC_WARN_64_TO_32_BIT_CONVERSION = YES;
				GCC_WARN_ABOUT_RETURN_TYPE = YES_ERROR;
				GCC_WARN_UNDECLARED_SELECTOR = YES;
				GCC_WARN_UNINITIALIZED_AUTOS = YES_AGGRESSIVE;
				GCC_WARN_UNUSED_FUNCTION = YES;
				GCC_WARN_UNUSED_VARIABLE = YES;
				IPHONEOS_DEPLOYMENT_TARGET = 11.3;
				MTL_ENABLE_DEBUG_INFO = YES;
				ONLY_ACTIVE_ARCH = YES;
				SDKROOT = iphoneos;
			};
			name = Debug;
		};
		5C92962B20ADB6B300F783F5 /* Release */ = {
			isa = XCBuildConfiguration;
			buildSettings = {
				ALWAYS_SEARCH_USER_PATHS = NO;
				CLANG_ANALYZER_NONNULL = YES;
				CLANG_ANALYZER_NUMBER_OBJECT_CONVERSION = YES_AGGRESSIVE;
				CLANG_CXX_LANGUAGE_STANDARD = "gnu++14";
				CLANG_CXX_LIBRARY = "libc++";
				CLANG_ENABLE_MODULES = YES;
				CLANG_ENABLE_OBJC_ARC = YES;
				CLANG_ENABLE_OBJC_WEAK = YES;
				CLANG_WARN_BLOCK_CAPTURE_AUTORELEASING = YES;
				CLANG_WARN_BOOL_CONVERSION = YES;
				CLANG_WARN_COMMA = YES;
				CLANG_WARN_CONSTANT_CONVERSION = YES;
				CLANG_WARN_DEPRECATED_OBJC_IMPLEMENTATIONS = YES;
				CLANG_WARN_DIRECT_OBJC_ISA_USAGE = YES_ERROR;
				CLANG_WARN_DOCUMENTATION_COMMENTS = YES;
				CLANG_WARN_EMPTY_BODY = YES;
				CLANG_WARN_ENUM_CONVERSION = YES;
				CLANG_WARN_INFINITE_RECURSION = YES;
				CLANG_WARN_INT_CONVERSION = YES;
				CLANG_WARN_NON_LITERAL_NULL_CONVERSION = YES;
				CLANG_WARN_OBJC_IMPLICIT_RETAIN_SELF = YES;
				CLANG_WARN_OBJC_LITERAL_CONVERSION = YES;
				CLANG_WARN_OBJC_ROOT_CLASS = YES_ERROR;
				CLANG_WARN_RANGE_LOOP_ANALYSIS = YES;
				CLANG_WARN_STRICT_PROTOTYPES = YES;
				CLANG_WARN_SUSPICIOUS_MOVE = YES;
				CLANG_WARN_UNGUARDED_AVAILABILITY = YES_AGGRESSIVE;
				CLANG_WARN_UNREACHABLE_CODE = YES;
				CLANG_WARN__DUPLICATE_METHOD_MATCH = YES;
				CODE_SIGN_IDENTITY = "iPhone Developer";
				COPY_PHASE_STRIP = NO;
				DEBUG_INFORMATION_FORMAT = "dwarf-with-dsym";
				ENABLE_NS_ASSERTIONS = NO;
				ENABLE_STRICT_OBJC_MSGSEND = YES;
				GCC_C_LANGUAGE_STANDARD = gnu11;
				GCC_NO_COMMON_BLOCKS = YES;
				GCC_WARN_64_TO_32_BIT_CONVERSION = YES;
				GCC_WARN_ABOUT_RETURN_TYPE = YES_ERROR;
				GCC_WARN_UNDECLARED_SELECTOR = YES;
				GCC_WARN_UNINITIALIZED_AUTOS = YES_AGGRESSIVE;
				GCC_WARN_UNUSED_FUNCTION = YES;
				GCC_WARN_UNUSED_VARIABLE = YES;
				IPHONEOS_DEPLOYMENT_TARGET = 11.3;
				MTL_ENABLE_DEBUG_INFO = NO;
				SDKROOT = iphoneos;
				VALIDATE_PRODUCT = YES;
			};
			name = Release;
		};
		5C92962D20ADB6B300F783F5 /* Debug */ = {
			isa = XCBuildConfiguration;
			baseConfigurationReference = A1FC22E0F53018C860C84DA8 /* Pods-AddRNInOC.debug.xcconfig */;
			buildSettings = {
				ASSETCATALOG_COMPILER_APPICON_NAME = AppIcon;
				CODE_SIGN_STYLE = Automatic;
				INFOPLIST_FILE = AddRNInOC/Info.plist;
				LD_RUNPATH_SEARCH_PATHS = (
					"$(inherited)",
					"@executable_path/Frameworks",
				);
				PRODUCT_BUNDLE_IDENTIFIER = rocky.AddRNInOC;
				PRODUCT_NAME = "$(TARGET_NAME)";
				TARGETED_DEVICE_FAMILY = "1,2";
			};
			name = Debug;
		};
		5C92962E20ADB6B300F783F5 /* Release */ = {
			isa = XCBuildConfiguration;
			baseConfigurationReference = 2058546BEAB7FC624C0958BD /* Pods-AddRNInOC.release.xcconfig */;
			buildSettings = {
				ASSETCATALOG_COMPILER_APPICON_NAME = AppIcon;
				CODE_SIGN_STYLE = Automatic;
				INFOPLIST_FILE = AddRNInOC/Info.plist;
				LD_RUNPATH_SEARCH_PATHS = (
					"$(inherited)",
					"@executable_path/Frameworks",
				);
				PRODUCT_BUNDLE_IDENTIFIER = rocky.AddRNInOC;
				PRODUCT_NAME = "$(TARGET_NAME)";
				TARGETED_DEVICE_FAMILY = "1,2";
			};
			name = Release;
		};
		5C92963020ADB6B300F783F5 /* Debug */ = {
			isa = XCBuildConfiguration;
			buildSettings = {
				BUNDLE_LOADER = "$(TEST_HOST)";
				CODE_SIGN_STYLE = Automatic;
				INFOPLIST_FILE = AddRNInOCTests/Info.plist;
				LD_RUNPATH_SEARCH_PATHS = (
					"$(inherited)",
					"@executable_path/Frameworks",
					"@loader_path/Frameworks",
				);
				PRODUCT_BUNDLE_IDENTIFIER = rocky.AddRNInOCTests;
				PRODUCT_NAME = "$(TARGET_NAME)";
				TARGETED_DEVICE_FAMILY = "1,2";
				TEST_HOST = "$(BUILT_PRODUCTS_DIR)/AddRNInOC.app/AddRNInOC";
			};
			name = Debug;
		};
		5C92963120ADB6B300F783F5 /* Release */ = {
			isa = XCBuildConfiguration;
			buildSettings = {
				BUNDLE_LOADER = "$(TEST_HOST)";
				CODE_SIGN_STYLE = Automatic;
				INFOPLIST_FILE = AddRNInOCTests/Info.plist;
				LD_RUNPATH_SEARCH_PATHS = (
					"$(inherited)",
					"@executable_path/Frameworks",
					"@loader_path/Frameworks",
				);
				PRODUCT_BUNDLE_IDENTIFIER = rocky.AddRNInOCTests;
				PRODUCT_NAME = "$(TARGET_NAME)";
				TARGETED_DEVICE_FAMILY = "1,2";
				TEST_HOST = "$(BUILT_PRODUCTS_DIR)/AddRNInOC.app/AddRNInOC";
			};
			name = Release;
		};
		5C92963320ADB6B300F783F5 /* Debug */ = {
			isa = XCBuildConfiguration;
			buildSettings = {
				CODE_SIGN_STYLE = Automatic;
				INFOPLIST_FILE = AddRNInOCUITests/Info.plist;
				LD_RUNPATH_SEARCH_PATHS = (
					"$(inherited)",
					"@executable_path/Frameworks",
					"@loader_path/Frameworks",
				);
				PRODUCT_BUNDLE_IDENTIFIER = rocky.AddRNInOCUITests;
				PRODUCT_NAME = "$(TARGET_NAME)";
				TARGETED_DEVICE_FAMILY = "1,2";
				TEST_TARGET_NAME = AddRNInOC;
			};
			name = Debug;
		};
		5C92963420ADB6B300F783F5 /* Release */ = {
			isa = XCBuildConfiguration;
			buildSettings = {
				CODE_SIGN_STYLE = Automatic;
				INFOPLIST_FILE = AddRNInOCUITests/Info.plist;
				LD_RUNPATH_SEARCH_PATHS = (
					"$(inherited)",
					"@executable_path/Frameworks",
					"@loader_path/Frameworks",
				);
				PRODUCT_BUNDLE_IDENTIFIER = rocky.AddRNInOCUITests;
				PRODUCT_NAME = "$(TARGET_NAME)";
				TARGETED_DEVICE_FAMILY = "1,2";
				TEST_TARGET_NAME = AddRNInOC;
			};
			name = Release;
		};
/* End XCBuildConfiguration section */

/* Begin XCConfigurationList section */
		5C9295FB20ADB6B100F783F5 /* Build configuration list for PBXProject "AddRNInOC" */ = {
			isa = XCConfigurationList;
			buildConfigurations = (
				5C92962A20ADB6B300F783F5 /* Debug */,
				5C92962B20ADB6B300F783F5 /* Release */,
			);
			defaultConfigurationIsVisible = 0;
			defaultConfigurationName = Release;
		};
		5C92962C20ADB6B300F783F5 /* Build configuration list for PBXNativeTarget "AddRNInOC" */ = {
			isa = XCConfigurationList;
			buildConfigurations = (
				5C92962D20ADB6B300F783F5 /* Debug */,
				5C92962E20ADB6B300F783F5 /* Release */,
			);
			defaultConfigurationIsVisible = 0;
			defaultConfigurationName = Release;
		};
		5C92962F20ADB6B300F783F5 /* Build configuration list for PBXNativeTarget "AddRNInOCTests" */ = {
			isa = XCConfigurationList;
			buildConfigurations = (
				5C92963020ADB6B300F783F5 /* Debug */,
				5C92963120ADB6B300F783F5 /* Release */,
			);
			defaultConfigurationIsVisible = 0;
			defaultConfigurationName = Release;
		};
		5C92963220ADB6B300F783F5 /* Build configuration list for PBXNativeTarget "AddRNInOCUITests" */ = {
			isa = XCConfigurationList;
			buildConfigurations = (
				5C92963320ADB6B300F783F5 /* Debug */,
				5C92963420ADB6B300F783F5 /* Release */,
			);
			defaultConfigurationIsVisible = 0;
			defaultConfigurationName = Release;
		};
/* End XCConfigurationList section */
	};
	rootObject = 5C9295F820ADB6B100F783F5 /* Project object */;
}
